
Microsoft Visual Studio Solution File, Format Version 12.00
# Visual Studio Version 17
VisualStudioVersion = 17.2.32616.157
MinimumVisualStudioVersion = 10.0.40219.1
Project("{FAE04EC0-301F-11D3-BF4B-00C04F79EFBC}") = "ConsoleTest", "ConsoleTest\ConsoleTest.csproj", "{211076EC-45AC-4520-8BA4-5B0DBAC83F61}"
EndProject
Project("{FAE04EC0-301F-11D3-BF4B-00C04F79EFBC}") = "DataCommon", "DataCommon\DataCommon.csproj", "{AF9DA250-7F1E-49A1-B585-07D7B77A4FC2}"
EndProject
Project("{FAE04EC0-301F-11D3-BF4B-00C04F79EFBC}") = "WinFormsApp1", "WinFormsApp1\WinFormsApp1.csproj", "{F09E9420-40A1-45D3-81B7-CD84B3E600B0}"
EndProject
Global
	GlobalSection(SolutionConfigurationPlatforms) = preSolution
		Debug|Any CPU = Debug|Any CPU
		Release|Any CPU = Release|Any CPU
	EndGlobalSection
	GlobalSection(ProjectConfigurationPlatforms) = postSolution
		{211076EC-45AC-4520-8BA4-5B0DBAC83F61}.Debug|Any CPU.ActiveCfg = Debug|Any CPU
		{211076EC-45AC-4520-8BA4-5B0DBAC83F61}.Debug|Any CPU.Build.0 = Debug|Any CPU
		{211076EC-45AC-4520-8BA4-5B0DBAC83F61}.Release|Any CPU.ActiveCfg = Release|Any CPU
		{211076EC-45AC-4520-8BA4-5B0DBAC83F61}.Release|Any CPU.Build.0 = Release|Any CPU
		{AF9DA250-7F1E-49A1-B585-07D7B77A4FC2}.Debug|Any CPU.ActiveCfg = Debug|Any CPU
		{AF9DA250-7F1E-49A1-B585-07D7B77A4FC2}.Debug|Any CPU.Build.0 = Debug|Any CPU
		{AF9DA250-7F1E-49A1-B585-07D7B77A4FC2}.Release|Any CPU.ActiveCfg = Release|Any CPU
		{AF9DA250-7F1E-49A1-B585-07D7B77A4FC2}.Release|Any CPU.Build.0 = Release|Any CPU
		{F09E9420-40A1-45D3-81B7-CD84B3E600B0}.Debug|Any CPU.ActiveCfg = Debug|Any CPU
		{F09E9420-40A1-45D3-81B7-CD84B3E600B0}.Debug|Any CPU.Build.0 = Debug|Any CPU
		{F09E9420-40A1-45D3-81B7-CD84B3E600B0}.Release|Any CPU.ActiveCfg = Release|Any CPU
		{F09E9420-40A1-45D3-81B7-CD84B3E600B0}.Release|Any CPU.Build.0 = Release|Any CPU
	EndGlobalSection
	GlobalSection(SolutionProperties) = preSolution
		HideSolutionNode = FALSE
	EndGlobalSection
	GlobalSection(ExtensibilityGlobals) = postSolution
		SolutionGuid = {7B69C3D4-24CF-41A6-9414-F11CA1FB179D}
	EndGlobalSection
EndGlobal
